{
  "name": "veritiles-video-demo",
  "version": "1.0.0",
  "lockfileVersion": 3,
  "requires": true,
  "packages": {
    "": {
      "name": "veritiles-video-demo",
      "version": "1.0.0",
      "dependencies": {
        "multiformats": "14.0.4",
        "veritiles": "0.4.0"
      }
    },
    "node_modules/multiformats": {
      "version": "14.0.4",
      "resolved": "https://registry.npmjs.org/multiformats/-/multiformats-14.0.4.tgz",
      "integrity": "sha512-+SXItmOUWzT0kjlIfkZ4NawJaC9jW/mPlyn902V9Qgpc7YDwdEiwqbiZxTyvC0XWh1jZguXca3A/WQ+UOPRLUA==",
      "license": "Apache-2.0 OR MIT"
    },
    "node_modules/veritiles": {
      "version": "0.4.0",
      "resolved": "https://registry.npmjs.org/veritiles/-/veritiles-0.4.0.tgz",
      "integrity": "sha512-HviIy4wZEPFr0Ugn17jVxDSaoO0AudouLTeCaLK05XTUFThxFHH1Y3Bb0KJ3TzQXLZkLNEVNS3Swvpx8/kDyDQ==",
      "license": "MIT",
      "engines": {
        "node": ">=20"
      }
    }
  }
}
